// !$*UTF8*$!
{
	archiveVersion = 1;
	classes = {
	};
	objectVersion = 51;
	objects = {

/* Begin PBXBuildFile section */
		40C3AFACBDA17F26B250796D /* Pods_food_app.framework in Frameworks */ = {isa = PBXBuildFile; fileRef = 661DCF099D12DE6FAB38FCD3 /* Pods_food_app.framework */; };
		D108B90625CF3FD700DBDDC9 /* OnboardingViewController.swift in Sources */ = {isa = PBXBuildFile; fileRef = D108B90525CF3FD700DBDDC9 /* OnboardingViewController.swift */; };
		D108B90B25CF520600DBDDC9 /* UiView+Extension.swift in Sources */ = {isa = PBXBuildFile; fileRef = D108B90A25CF520600DBDDC9 /* UiView+Extension.swift */; };
		D108B90E25CF5DC300DBDDC9 /* OnboardingSlide.swift in Sources */ = {isa = PBXBuildFile; fileRef = D108B90D25CF5DC300DBDDC9 /* OnboardingSlide.swift */; };
		D1128FE725F4061C0024FCFE /* CardView.swift in Sources */ = {isa = PBXBuildFile; fileRef = D1128FE625F4061C0024FCFE /* CardView.swift */; };
		D14BB4B825C604A300D3454B /* AppDelegate.swift in Sources */ = {isa = PBXBuildFile; fileRef = D14BB4B725C604A300D3454B /* AppDelegate.swift */; };
		D14BB4BA25C604A300D3454B /* SceneDelegate.swift in Sources */ = {isa = PBXBuildFile; fileRef = D14BB4B925C604A300D3454B /* SceneDelegate.swift */; };
		D14BB4BF25C604A300D3454B /* Main.storyboard in Resources */ = {isa = PBXBuildFile; fileRef = D14BB4BD25C604A300D3454B /* Main.storyboard */; };
		D14BB4C125C604A600D3454B /* Assets.xcassets in Resources */ = {isa = PBXBuildFile; fileRef = D14BB4C025C604A600D3454B /* Assets.xcassets */; };
		D14BB4C425C604A600D3454B /* LaunchScreen.storyboard in Resources */ = {isa = PBXBuildFile; fileRef = D14BB4C225C604A600D3454B /* LaunchScreen.storyboard */; };
		D155DBD225D85F0700C388FF /* HomeViewController.swift in Sources */ = {isa = PBXBuildFile; fileRef = D155DBD125D85F0700C388FF /* HomeViewController.swift */; };
		D1F2A85425EC297100B92B84 /* CategoryCollectionViewCell.swift in Sources */ = {isa = PBXBuildFile; fileRef = D1F2A85225EC297100B92B84 /* CategoryCollectionViewCell.swift */; };
		D1F2A85525EC297100B92B84 /* CategoryCollectionViewCell.xib in Resources */ = {isa = PBXBuildFile; fileRef = D1F2A85325EC297100B92B84 /* CategoryCollectionViewCell.xib */; };
		D1F2A85825EC3EF500B92B84 /* DishCategory.swift in Sources */ = {isa = PBXBuildFile; fileRef = D1F2A85725EC3EF500B92B84 /* DishCategory.swift */; };
		D1F2A85F25EC4A5300B92B84 /* String+Extension.swift in Sources */ = {isa = PBXBuildFile; fileRef = D1F2A85E25EC4A5300B92B84 /* String+Extension.swift */; };
		D1F4D22325D0920A00AF9E0A /* OnboardingCollectionViewCell.swift in Sources */ = {isa = PBXBuildFile; fileRef = D1F4D22225D0920A00AF9E0A /* OnboardingCollectionViewCell.swift */; };
/* End PBXBuildFile section */

/* Begin PBXFileReference section */
		661DCF099D12DE6FAB38FCD3 /* Pods_food_app.framework */ = {isa = PBXFileReference; explicitFileType = wrapper.framework; includeInIndex = 0; path = Pods_food_app.framework; sourceTree = BUILT_PRODUCTS_DIR; };
		6D42C9C8B06FD5C411952490 /* Pods-food app.release.xcconfig */ = {isa = PBXFileReference; includeInIndex = 1; lastKnownFileType = text.xcconfig; name = "Pods-food app.release.xcconfig"; path = "Target Support Files/Pods-food app/Pods-food app.release.xcconfig"; sourceTree = "<group>"; };
		70236633D953209BCCBFC812 /* Pods-food app.debug.xcconfig */ = {isa = PBXFileReference; includeInIndex = 1; lastKnownFileType = text.xcconfig; name = "Pods-food app.debug.xcconfig"; path = "Target Support Files/Pods-food app/Pods-food app.debug.xcconfig"; sourceTree = "<group>"; };
		D108B90525CF3FD700DBDDC9 /* OnboardingViewController.swift */ = {isa = PBXFileReference; lastKnownFileType = sourcecode.swift; path = OnboardingViewController.swift; sourceTree = "<group>"; };
		D108B90A25CF520600DBDDC9 /* UiView+Extension.swift */ = {isa = PBXFileReference; lastKnownFileType = sourcecode.swift; path = "UiView+Extension.swift"; sourceTree = "<group>"; };
		D108B90D25CF5DC300DBDDC9 /* OnboardingSlide.swift */ = {isa = PBXFileReference; lastKnownFileType = sourcecode.swift; path = OnboardingSlide.swift; sourceTree = "<group>"; };
		D1128FE625F4061C0024FCFE /* CardView.swift */ = {isa = PBXFileReference; lastKnownFileType = sourcecode.swift; path = CardView.swift; sourceTree = "<group>"; };
		D14BB4B425C604A300D3454B /* food app.app */ = {isa = PBXFileReference; explicitFileType = wrapper.application; includeInIndex = 0; path = "food app.app"; sourceTree = BUILT_PRODUCTS_DIR; };
		D14BB4B725C604A300D3454B /* AppDelegate.swift */ = {isa = PBXFileReference; lastKnownFileType = sourcecode.swift; path = AppDelegate.swift; sourceTree = "<group>"; };
		D14BB4B925C604A300D3454B /* SceneDelegate.swift */ = {isa = PBXFileReference; lastKnownFileType = sourcecode.swift; path = SceneDelegate.swift; sourceTree = "<group>"; };
		D14BB4BE25C604A300D3454B /* Base */ = {isa = PBXFileReference; lastKnownFileType = file.storyboard; name = Base; path = Base.lproj/Main.storyboard; sourceTree = "<group>"; };
		D14BB4C025C604A600D3454B /* Assets.xcassets */ = {isa = PBXFileReference; lastKnownFileType = folder.assetcatalog; path = Assets.xcassets; sourceTree = "<group>"; };
		D14BB4C325C604A600D3454B /* Base */ = {isa = PBXFileReference; lastKnownFileType = file.storyboard; name = Base; path = Base.lproj/LaunchScreen.storyboard; sourceTree = "<group>"; };
		D14BB4C525C604A600D3454B /* Info.plist */ = {isa = PBXFileReference; lastKnownFileType = text.plist.xml; path = Info.plist; sourceTree = "<group>"; };
		D155DBD125D85F0700C388FF /* HomeViewController.swift */ = {isa = PBXFileReference; lastKnownFileType = sourcecode.swift; path = HomeViewController.swift; sourceTree = "<group>"; };
		D1F2A85225EC297100B92B84 /* CategoryCollectionViewCell.swift */ = {isa = PBXFileReference; lastKnownFileType = sourcecode.swift; path = CategoryCollectionViewCell.swift; sourceTree = "<group>"; };
		D1F2A85325EC297100B92B84 /* CategoryCollectionViewCell.xib */ = {isa = PBXFileReference; lastKnownFileType = file.xib; path = CategoryCollectionViewCell.xib; sourceTree = "<group>"; };
		D1F2A85725EC3EF500B92B84 /* DishCategory.swift */ = {isa = PBXFileReference; lastKnownFileType = sourcecode.swift; path = DishCategory.swift; sourceTree = "<group>"; };
		D1F2A85E25EC4A5300B92B84 /* String+Extension.swift */ = {isa = PBXFileReference; lastKnownFileType = sourcecode.swift; path = "String+Extension.swift"; sourceTree = "<group>"; };
		D1F4D22225D0920A00AF9E0A /* OnboardingCollectionViewCell.swift */ = {isa = PBXFileReference; lastKnownFileType = sourcecode.swift; path = OnboardingCollectionViewCell.swift; sourceTree = "<group>"; };
/* End PBXFileReference section */

/* Begin PBXFrameworksBuildPhase section */
		D14BB4B125C604A300D3454B /* Frameworks */ = {
			isa = PBXFrameworksBuildPhase;
			buildActionMask = 2147483647;
			files = (
				40C3AFACBDA17F26B250796D /* Pods_food_app.framework in Frameworks */,
			);
			runOnlyForDeploymentPostprocessing = 0;
		};
/* End PBXFrameworksBuildPhase section */

/* Begin PBXGroup section */
		60C93AF5B15D6E857DBE8ED5 /* Frameworks */ = {
			isa = PBXGroup;
			children = (
				661DCF099D12DE6FAB38FCD3 /* Pods_food_app.framework */,
			);
			name = Frameworks;
			sourceTree = "<group>";
		};
		76A3C58C8CC18E628B87638E /* Pods */ = {
			isa = PBXGroup;
			children = (
				70236633D953209BCCBFC812 /* Pods-food app.debug.xcconfig */,
				6D42C9C8B06FD5C411952490 /* Pods-food app.release.xcconfig */,
			);
			path = Pods;
			sourceTree = "<group>";
		};
		D108B90125CF3ED600DBDDC9 /* Models */ = {
			isa = PBXGroup;
			children = (
				D108B90D25CF5DC300DBDDC9 /* OnboardingSlide.swift */,
				D1F2A85725EC3EF500B92B84 /* DishCategory.swift */,
			);
			path = Models;
			sourceTree = "<group>";
		};
		D108B90225CF3EE500DBDDC9 /* Views */ = {
			isa = PBXGroup;
			children = (
				D155DBD025D85EAA00C388FF /* Home */,
				D108B90425CF3F2F00DBDDC9 /* Onboarding */,
			);
			path = Views;
			sourceTree = "<group>";
		};
		D108B90325CF3EF900DBDDC9 /* CustomViews */ = {
			isa = PBXGroup;
			children = (
				D1128FE525F404900024FCFE /* CardView */,
				D1F2A85025EC288800B92B84 /* CollectionViewCalls */,
			);
			path = CustomViews;
			sourceTree = "<group>";
		};
		D108B90425CF3F2F00DBDDC9 /* Onboarding */ = {
			isa = PBXGroup;
			children = (
				D108B90525CF3FD700DBDDC9 /* OnboardingViewController.swift */,
				D1F4D22225D0920A00AF9E0A /* OnboardingCollectionViewCell.swift */,
			);
			path = Onboarding;
			sourceTree = "<group>";
		};
		D108B90925CF51BA00DBDDC9 /* Extensions */ = {
			isa = PBXGroup;
			children = (
				D108B90A25CF520600DBDDC9 /* UiView+Extension.swift */,
				D1F2A85E25EC4A5300B92B84 /* String+Extension.swift */,
			);
			path = Extensions;
			sourceTree = "<group>";
		};
		D1128FE525F404900024FCFE /* CardView */ = {
			isa = PBXGroup;
			children = (
				D1128FE625F4061C0024FCFE /* CardView.swift */,
			);
			path = CardView;
			sourceTree = "<group>";
		};
		D14BB4AB25C604A300D3454B = {
			isa = PBXGroup;
			children = (
				D14BB4B625C604A300D3454B /* food app */,
				D14BB4B525C604A300D3454B /* Products */,
				76A3C58C8CC18E628B87638E /* Pods */,
				60C93AF5B15D6E857DBE8ED5 /* Frameworks */,
			);
			sourceTree = "<group>";
		};
		D14BB4B525C604A300D3454B /* Products */ = {
			isa = PBXGroup;
			children = (
				D14BB4B425C604A300D3454B /* food app.app */,
			);
			name = Products;
			sourceTree = "<group>";
		};
		D14BB4B625C604A300D3454B /* food app */ = {
			isa = PBXGroup;
			children = (
				D108B90925CF51BA00DBDDC9 /* Extensions */,
				D108B90325CF3EF900DBDDC9 /* CustomViews */,
				D108B90225CF3EE500DBDDC9 /* Views */,
				D108B90125CF3ED600DBDDC9 /* Models */,
				D14BB4B725C604A300D3454B /* AppDelegate.swift */,
				D14BB4B925C604A300D3454B /* SceneDelegate.swift */,
				D14BB4BD25C604A300D3454B /* Main.storyboard */,
				D14BB4C025C604A600D3454B /* Assets.xcassets */,
				D14BB4C225C604A600D3454B /* LaunchScreen.storyboard */,
				D14BB4C525C604A600D3454B /* Info.plist */,
			);
			path = "food app";
			sourceTree = "<group>";
		};
		D155DBD025D85EAA00C388FF /* Home */ = {
			isa = PBXGroup;
			children = (
				D155DBD125D85F0700C388FF /* HomeViewController.swift */,
			);
			path = Home;
			sourceTree = "<group>";
		};
		D1F2A85025EC288800B92B84 /* CollectionViewCalls */ = {
			isa = PBXGroup;
			children = (
				D1F2A85125EC28AC00B92B84 /* CategoryCollectionViewCell */,
			);
			path = CollectionViewCalls;
			sourceTree = "<group>";
		};
		D1F2A85125EC28AC00B92B84 /* CategoryCollectionViewCell */ = {
			isa = PBXGroup;
			children = (
				D1F2A85225EC297100B92B84 /* CategoryCollectionViewCell.swift */,
				D1F2A85325EC297100B92B84 /* CategoryCollectionViewCell.xib */,
			);
			path = CategoryCollectionViewCell;
			sourceTree = "<group>";
		};
/* End PBXGroup section */

/* Begin PBXNativeTarget section */
		D14BB4B325C604A300D3454B /* food app */ = {
			isa = PBXNativeTarget;
			buildConfigurationList = D14BB4C825C604A600D3454B /* Build configuration list for PBXNativeTarget "food app" */;
			buildPhases = (
				16175E70F6235671C419DACC /* [CP] Check Pods Manifest.lock */,
				D14BB4B025C604A300D3454B /* Sources */,
				D14BB4B125C604A300D3454B /* Frameworks */,
				D14BB4B225C604A300D3454B /* Resources */,
				7B8B8EC21C81A507EF22E31E /* [CP] Embed Pods Frameworks */,
			);
			buildRules = (
			);
			dependencies = (
			);
			name = "food app";
			productName = "food app";
			productReference = D14BB4B425C604A300D3454B /* food app.app */;
			productType = "com.apple.product-type.application";
		};
/* End PBXNativeTarget section */

/* Begin PBXProject section */
		D14BB4AC25C604A300D3454B /* Project object */ = {
			isa = PBXProject;
			attributes = {
				LastSwiftUpdateCheck = 1210;
				LastUpgradeCheck = 1210;
				TargetAttributes = {
					D14BB4B325C604A300D3454B = {
						CreatedOnToolsVersion = 12.1;
					};
				};
			};
			buildConfigurationList = D14BB4AF25C604A300D3454B /* Build configuration list for PBXProject "food app" */;
			compatibilityVersion = "Xcode 9.3";
			developmentRegion = en;
			hasScannedForEncodings = 0;
			knownRegions = (
				en,
				Base,
			);
			mainGroup = D14BB4AB25C604A300D3454B;
			productRefGroup = D14BB4B525C604A300D3454B /* Products */;
			projectDirPath = "";
			projectRoot = "";
			targets = (
				D14BB4B325C604A300D3454B /* food app */,
			);
		};
/* End PBXProject section */

/* Begin PBXResourcesBuildPhase section */
		D14BB4B225C604A300D3454B /* Resources */ = {
			isa = PBXResourcesBuildPhase;
			buildActionMask = 2147483647;
			files = (
				D1F2A85525EC297100B92B84 /* CategoryCollectionViewCell.xib in Resources */,
				D14BB4C425C604A600D3454B /* LaunchScreen.storyboard in Resources */,
				D14BB4C125C604A600D3454B /* Assets.xcassets in Resources */,
				D14BB4BF25C604A300D3454B /* Main.storyboard in Resources */,
			);
			runOnlyForDeploymentPostprocessing = 0;
		};
/* End PBXResourcesBuildPhase section */

/* Begin PBXShellScriptBuildPhase section */
		16175E70F6235671C419DACC /* [CP] Check Pods Manifest.lock */ = {
			isa = PBXShellScriptBuildPhase;
			buildActionMask = 2147483647;
			files = (
			);
			inputFileListPaths = (
			);
			inputPaths = (
				"${PODS_PODFILE_DIR_PATH}/Podfile.lock",
				"${PODS_ROOT}/Manifest.lock",
			);
			name = "[CP] Check Pods Manifest.lock";
			outputFileListPaths = (
			);
			outputPaths = (
				"$(DERIVED_FILE_DIR)/Pods-food app-checkManifestLockResult.txt",
			);
			runOnlyForDeploymentPostprocessing = 0;
			shellPath = /bin/sh;
			shellScript = "diff \"${PODS_PODFILE_DIR_PATH}/Podfile.lock\" \"${PODS_ROOT}/Manifest.lock\" > /dev/null\nif [ $? != 0 ] ; then\n    # print error to STDERR\n    echo \"error: The sandbox is not in sync with the Podfile.lock. Run 'pod install' or update your CocoaPods installation.\" >&2\n    exit 1\nfi\n# This output is used by Xcode 'outputs' to avoid re-running this script phase.\necho \"SUCCESS\" > \"${SCRIPT_OUTPUT_FILE_0}\"\n";
			showEnvVarsInLog = 0;
		};
		7B8B8EC21C81A507EF22E31E /* [CP] Embed Pods Frameworks */ = {
			isa = PBXShellScriptBuildPhase;
			buildActionMask = 2147483647;
			files = (
			);
			inputFileListPaths = (
				"${PODS_ROOT}/Target Support Files/Pods-food app/Pods-food app-frameworks-${CONFIGURATION}-input-files.xcfilelist",
			);
			name = "[CP] Embed Pods Frameworks";
			outputFileListPaths = (
				"${PODS_ROOT}/Target Support Files/Pods-food app/Pods-food app-frameworks-${CONFIGURATION}-output-files.xcfilelist",
			);
			runOnlyForDeploymentPostprocessing = 0;
			shellPath = /bin/sh;
			shellScript = "\"${PODS_ROOT}/Target Support Files/Pods-food app/Pods-food app-frameworks.sh\"\n";
			showEnvVarsInLog = 0;
		};
/* End PBXShellScriptBuildPhase section */

/* Begin PBXSourcesBuildPhase section */
		D14BB4B025C604A300D3454B /* Sources */ = {
			isa = PBXSourcesBuildPhase;
			buildActionMask = 2147483647;
			files = (
				D1F2A85425EC297100B92B84 /* CategoryCollectionViewCell.swift in Sources */,
				D108B90E25CF5DC300DBDDC9 /* OnboardingSlide.swift in Sources */,
				D14BB4B825C604A300D3454B /* AppDelegate.swift in Sources */,
				D14BB4BA25C604A300D3454B /* SceneDelegate.swift in Sources */,
				D108B90B25CF520600DBDDC9 /* UiView+Extension.swift in Sources */,
				D108B90625CF3FD700DBDDC9 /* OnboardingViewController.swift in Sources */,
				D155DBD225D85F0700C388FF /* HomeViewController.swift in Sources */,
				D1F2A85825EC3EF500B92B84 /* DishCategory.swift in Sources */,
				D1F2A85F25EC4A5300B92B84 /* String+Extension.swift in Sources */,
				D1128FE725F4061C0024FCFE /* CardView.swift in Sources */,
				D1F4D22325D0920A00AF9E0A /* OnboardingCollectionViewCell.swift in Sources */,
			);
			runOnlyForDeploymentPostprocessing = 0;
		};
/* End PBXSourcesBuildPhase section */

/* Begin PBXVariantGroup section */
		D14BB4BD25C604A300D3454B /* Main.storyboard */ = {
			isa = PBXVariantGroup;
			children = (
				D14BB4BE25C604A300D3454B /* Base */,
			);
			name = Main.storyboard;
			sourceTree = "<group>";
		};
		D14BB4C225C604A600D3454B /* LaunchScreen.storyboard */ = {
			isa = PBXVariantGroup;
			children = (
				D14BB4C325C604A600D3454B /* Base */,
			);
			name = LaunchScreen.storyboard;
			sourceTree = "<group>";
		};
/* End PBXVariantGroup section */

/* Begin XCBuildConfiguration section */
		D14BB4C625C604A600D3454B /* Debug */ = {
			isa = XCBuildConfiguration;
			buildSettings = {
				ALWAYS_SEARCH_USER_PATHS = NO;
				CLANG_ANALYZER_NONNULL = YES;
				CLANG_ANALYZER_NUMBER_OBJECT_CONVERSION = YES_AGGRESSIVE;
				CLANG_CXX_LANGUAGE_STANDARD = "gnu++14";
				CLANG_CXX_LIBRARY = "libc++";
				CLANG_ENABLE_MODULES = YES;
				CLANG_ENABLE_OBJC_ARC = YES;
				CLANG_ENABLE_OBJC_WEAK = YES;
				CLANG_WARN_BLOCK_CAPTURE_AUTORELEASING = YES;
				CLANG_WARN_BOOL_CONVERSION = YES;
				CLANG_WARN_COMMA = YES;
				CLANG_WARN_CONSTANT_CONVERSION = YES;
				CLANG_WARN_DEPRECATED_OBJC_IMPLEMENTATIONS = YES;
				CLANG_WARN_DIRECT_OBJC_ISA_USAGE = YES_ERROR;
				CLANG_WARN_DOCUMENTATION_COMMENTS = YES;
				CLANG_WARN_EMPTY_BODY = YES;
				CLANG_WARN_ENUM_CONVERSION = YES;
				CLANG_WARN_INFINITE_RECURSION = YES;
				CLANG_WARN_INT_CONVERSION = YES;
				CLANG_WARN_NON_LITERAL_NULL_CONVERSION = YES;
				CLANG_WARN_OBJC_IMPLICIT_RETAIN_SELF = YES;
				CLANG_WARN_OBJC_LITERAL_CONVERSION = YES;
				CLANG_WARN_OBJC_ROOT_CLASS = YES_ERROR;
				CLANG_WARN_QUOTED_INCLUDE_IN_FRAMEWORK_HEADER = YES;
				CLANG_WARN_RANGE_LOOP_ANALYSIS = YES;
				CLANG_WARN_STRICT_PROTOTYPES = YES;
				CLANG_WARN_SUSPICIOUS_MOVE = YES;
				CLANG_WARN_UNGUARDED_AVAILABILITY = YES_AGGRESSIVE;
				CLANG_WARN_UNREACHABLE_CODE = YES;
				CLANG_WARN__DUPLICATE_METHOD_MATCH = YES;
				COPY_PHASE_STRIP = NO;
				DEBUG_INFORMATION_FORMAT = dwarf;
				ENABLE_STRICT_OBJC_MSGSEND = YES;
				ENABLE_TESTABILITY = YES;
				GCC_C_LANGUAGE_STANDARD = gnu11;
				GCC_DYNAMIC_NO_PIC = NO;
				GCC_NO_COMMON_BLOCKS = YES;
				GCC_OPTIMIZATION_LEVEL = 0;
				GCC_PREPROCESSOR_DEFINITIONS = (
					"DEBUG=1",
					"$(inherited)",
				);
				GCC_WARN_64_TO_32_BIT_CONVERSION = YES;
				GCC_WARN_ABOUT_RETURN_TYPE = YES_ERROR;
				GCC_WARN_UNDECLARED_SELECTOR = YES;
				GCC_WARN_UNINITIALIZED_AUTOS = YES_AGGRESSIVE;
				GCC_WARN_UNUSED_FUNCTION = YES;
				GCC_WARN_UNUSED_VARIABLE = YES;
				IPHONEOS_DEPLOYMENT_TARGET = 14.1;
				MTL_ENABLE_DEBUG_INFO = INCLUDE_SOURCE;
				MTL_FAST_MATH = YES;
				ONLY_ACTIVE_ARCH = YES;
				SDKROOT = iphoneos;
				SWIFT_ACTIVE_COMPILATION_CONDITIONS = DEBUG;
				SWIFT_OPTIMIZATION_LEVEL = "-Onone";
			};
			name = Debug;
		};
		D14BB4C725C604A600D3454B /* Release */ = {
			isa = XCBuildConfiguration;
			buildSettings = {
				ALWAYS_SEARCH_USER_PATHS = NO;
				CLANG_ANALYZER_NONNULL = YES;
				CLANG_ANALYZER_NUMBER_OBJECT_CONVERSION = YES_AGGRESSIVE;
				CLANG_CXX_LANGUAGE_STANDARD = "gnu++14";
				CLANG_CXX_LIBRARY = "libc++";
				CLANG_ENABLE_MODULES = YES;
				CLANG_ENABLE_OBJC_ARC = YES;
				CLANG_ENABLE_OBJC_WEAK = YES;
				CLANG_WARN_BLOCK_CAPTURE_AUTORELEASING = YES;
				CLANG_WARN_BOOL_CONVERSION = YES;
				CLANG_WARN_COMMA = YES;
				CLANG_WARN_CONSTANT_CONVERSION = YES;
				CLANG_WARN_DEPRECATED_OBJC_IMPLEMENTATIONS = YES;
				CLANG_WARN_DIRECT_OBJC_ISA_USAGE = YES_ERROR;
				CLANG_WARN_DOCUMENTATION_COMMENTS = YES;
				CLANG_WARN_EMPTY_BODY = YES;
				CLANG_WARN_ENUM_CONVERSION = YES;
				CLANG_WARN_INFINITE_RECURSION = YES;
				CLANG_WARN_INT_CONVERSION = YES;
				CLANG_WARN_NON_LITERAL_NULL_CONVERSION = YES;
				CLANG_WARN_OBJC_IMPLICIT_RETAIN_SELF = YES;
				CLANG_WARN_OBJC_LITERAL_CONVERSION = YES;
				CLANG_WARN_OBJC_ROOT_CLASS = YES_ERROR;
				CLANG_WARN_QUOTED_INCLUDE_IN_FRAMEWORK_HEADER = YES;
				CLANG_WARN_RANGE_LOOP_ANALYSIS = YES;
				CLANG_WARN_STRICT_PROTOTYPES = YES;
				CLANG_WARN_SUSPICIOUS_MOVE = YES;
				CLANG_WARN_UNGUARDED_AVAILABILITY = YES_AGGRESSIVE;
				CLANG_WARN_UNREACHABLE_CODE = YES;
				CLANG_WARN__DUPLICATE_METHOD_MATCH = YES;
				COPY_PHASE_STRIP = NO;
				DEBUG_INFORMATION_FORMAT = "dwarf-with-dsym";
				ENABLE_NS_ASSERTIONS = NO;
				ENABLE_STRICT_OBJC_MSGSEND = YES;
				GCC_C_LANGUAGE_STANDARD = gnu11;
				GCC_NO_COMMON_BLOCKS = YES;
				GCC_WARN_64_TO_32_BIT_CONVERSION = YES;
				GCC_WARN_ABOUT_RETURN_TYPE = YES_ERROR;
				GCC_WARN_UNDECLARED_SELECTOR = YES;
				GCC_WARN_UNINITIALIZED_AUTOS = YES_AGGRESSIVE;
				GCC_WARN_UNUSED_FUNCTION = YES;
				GCC_WARN_UNUSED_VARIABLE = YES;
				IPHONEOS_DEPLOYMENT_TARGET = 14.1;
				MTL_ENABLE_DEBUG_INFO = NO;
				MTL_FAST_MATH = YES;
				SDKROOT = iphoneos;
				SWIFT_COMPILATION_MODE = wholemodule;
				SWIFT_OPTIMIZATION_LEVEL = "-O";
				VALIDATE_PRODUCT = YES;
			};
			name = Release;
		};
		D14BB4C925C604A600D3454B /* Debug */ = {
			isa = XCBuildConfiguration;
			baseConfigurationReference = 70236633D953209BCCBFC812 /* Pods-food app.debug.xcconfig */;
			buildSettings = {
				ASSETCATALOG_COMPILER_APPICON_NAME = AppIcon;
				ASSETCATALOG_COMPILER_GLOBAL_ACCENT_COLOR_NAME = AccentColor;
				CODE_SIGN_STYLE = Automatic;
				DEVELOPMENT_TEAM = XRXPRG4CQ7;
				INFOPLIST_FILE = "food app/Info.plist";
				LD_RUNPATH_SEARCH_PATHS = (
					"$(inherited)",
					"@executable_path/Frameworks",
				);
				PRODUCT_BUNDLE_IDENTIFIER = "deep-pro.food-app";
				PRODUCT_NAME = "$(TARGET_NAME)";
				SWIFT_VERSION = 5.0;
				TARGETED_DEVICE_FAMILY = "1,2";
			};
			name = Debug;
		};
		D14BB4CA25C604A600D3454B /* Release */ = {
			isa = XCBuildConfiguration;
			baseConfigurationReference = 6D42C9C8B06FD5C411952490 /* Pods-food app.release.xcconfig */;
			buildSettings = {
				ASSETCATALOG_COMPILER_APPICON_NAME = AppIcon;
				ASSETCATALOG_COMPILER_GLOBAL_ACCENT_COLOR_NAME = AccentColor;
				CODE_SIGN_STYLE = Automatic;
				DEVELOPMENT_TEAM = XRXPRG4CQ7;
				INFOPLIST_FILE = "food app/Info.plist";
				LD_RUNPATH_SEARCH_PATHS = (
					"$(inherited)",
					"@executable_path/Frameworks",
				);
				PRODUCT_BUNDLE_IDENTIFIER = "deep-pro.food-app";
				PRODUCT_NAME = "$(TARGET_NAME)";
				SWIFT_VERSION = 5.0;
				TARGETED_DEVICE_FAMILY = "1,2";
			};
			name = Release;
		};
/* End XCBuildConfiguration section */

/* Begin XCConfigurationList section */
		D14BB4AF25C604A300D3454B /* Build configuration list for PBXProject "food app" */ = {
			isa = XCConfigurationList;
			buildConfigurations = (
				D14BB4C625C604A600D3454B /* Debug */,
				D14BB4C725C604A600D3454B /* Release */,
			);
			defaultConfigurationIsVisible = 0;
			defaultConfigurationName = Release;
		};
		D14BB4C825C604A600D3454B /* Build configuration list for PBXNativeTarget "food app" */ = {
			isa = XCConfigurationList;
			buildConfigurations = (
				D14BB4C925C604A600D3454B /* Debug */,
				D14BB4CA25C604A600D3454B /* Release */,
			);
			defaultConfigurationIsVisible = 0;
			defaultConfigurationName = Release;
		};
/* End XCConfigurationList section */
	};
	rootObject = D14BB4AC25C604A300D3454B /* Project object */;
}
